// !$*UTF8*$!
{
	archiveVersion = 1;
	classes = {
	};
	objectVersion = 50;
	objects = {

/* Begin PBXBuildFile section */
		52BE34D5267899330038A7FC /* BaseView.swift in Sources */ = {isa = PBXBuildFile; fileRef = 52BE34D4267899330038A7FC /* BaseView.swift */; };
		52BE34D92678993F0038A7FC /* BaseViewController.swift in Sources */ = {isa = PBXBuildFile; fileRef = 52BE34D82678993F0038A7FC /* BaseViewController.swift */; };
		52BE34E026789EDA0038A7FC /* UIView+Extensions.swift in Sources */ = {isa = PBXBuildFile; fileRef = 52BE34DF26789EDA0038A7FC /* UIView+Extensions.swift */; };
		52BE34E426789F2D0038A7FC /* UIViewController+Extensions.swift in Sources */ = {isa = PBXBuildFile; fileRef = 52BE34E326789F2D0038A7FC /* UIViewController+Extensions.swift */; };
		52BE34E826789F620038A7FC /* UIDevice+Extensions.swift in Sources */ = {isa = PBXBuildFile; fileRef = 52BE34E726789F620038A7FC /* UIDevice+Extensions.swift */; };
		52BE34EC2678B0290038A7FC /* BaseTableViewCell.swift in Sources */ = {isa = PBXBuildFile; fileRef = 52BE34EB2678B0290038A7FC /* BaseTableViewCell.swift */; };
		52BE34F02678CCFF0038A7FC /* BaseObject.swift in Sources */ = {isa = PBXBuildFile; fileRef = 52BE34EF2678CCFF0038A7FC /* BaseObject.swift */; };
		D24A360D20FBD446008AC1AC /* AppDelegate.swift in Sources */ = {isa = PBXBuildFile; fileRef = D24A360C20FBD446008AC1AC /* AppDelegate.swift */; };
		D24A361420FBD458008AC1AC /* Assets.xcassets in Resources */ = {isa = PBXBuildFile; fileRef = D24A361320FBD458008AC1AC /* Assets.xcassets */; };
		D24A361720FBD458008AC1AC /* LaunchScreen.storyboard in Resources */ = {isa = PBXBuildFile; fileRef = D24A361520FBD458008AC1AC /* LaunchScreen.storyboard */; };
		D24A362220FBD459008AC1AC /* CitiesTests.swift in Sources */ = {isa = PBXBuildFile; fileRef = D24A362120FBD459008AC1AC /* CitiesTests.swift */; };
		D24A363520FBF583008AC1AC /* CityListView.swift in Sources */ = {isa = PBXBuildFile; fileRef = D24A363420FBF583008AC1AC /* CityListView.swift */; };
		D24A363720FBF59A008AC1AC /* CityListViewController.swift in Sources */ = {isa = PBXBuildFile; fileRef = D24A363620FBF59A008AC1AC /* CityListViewController.swift */; };
		D24A363920FBF806008AC1AC /* CityTableViewCell.swift in Sources */ = {isa = PBXBuildFile; fileRef = D24A363820FBF806008AC1AC /* CityTableViewCell.swift */; };
		D24A363B20FBFABD008AC1AC /* CityObject.swift in Sources */ = {isa = PBXBuildFile; fileRef = D24A363A20FBFABD008AC1AC /* CityObject.swift */; };
		D24A363E20FC0354008AC1AC /* CityListViewModel.swift in Sources */ = {isa = PBXBuildFile; fileRef = D24A363D20FC0354008AC1AC /* CityListViewModel.swift */; };
		D24A364120FC0FFD008AC1AC /* cities.json in Resources */ = {isa = PBXBuildFile; fileRef = D24A364020FC0FFD008AC1AC /* cities.json */; };
		D24A364320FC1274008AC1AC /* CityListViewModelTests.swift in Sources */ = {isa = PBXBuildFile; fileRef = D24A364220FC1274008AC1AC /* CityListViewModelTests.swift */; };
		D24A364520FC171B008AC1AC /* CityActivityIndicatorView.swift in Sources */ = {isa = PBXBuildFile; fileRef = D24A364420FC171B008AC1AC /* CityActivityIndicatorView.swift */; };
		D24A364620FCC4ED008AC1AC /* CityListViewModel.swift in Sources */ = {isa = PBXBuildFile; fileRef = D24A363D20FC0354008AC1AC /* CityListViewModel.swift */; };
		D24A364720FCC4F3008AC1AC /* CityObject.swift in Sources */ = {isa = PBXBuildFile; fileRef = D24A363A20FBFABD008AC1AC /* CityObject.swift */; };
		D24A364920FD1F70008AC1AC /* CityMapView.swift in Sources */ = {isa = PBXBuildFile; fileRef = D24A364820FD1F70008AC1AC /* CityMapView.swift */; };
		D24A364B20FD2136008AC1AC /* CityMapViewController.swift in Sources */ = {isa = PBXBuildFile; fileRef = D24A364A20FD2136008AC1AC /* CityMapViewController.swift */; };
/* End PBXBuildFile section */

/* Begin PBXContainerItemProxy section */
		D24A361E20FBD459008AC1AC /* PBXContainerItemProxy */ = {
			isa = PBXContainerItemProxy;
			containerPortal = D24A360120FBD446008AC1AC /* Project object */;
			proxyType = 1;
			remoteGlobalIDString = D24A360820FBD446008AC1AC;
			remoteInfo = Cities;
		};
/* End PBXContainerItemProxy section */

/* Begin PBXFileReference section */
		52BE34D4267899330038A7FC /* BaseView.swift */ = {isa = PBXFileReference; lastKnownFileType = sourcecode.swift; path = BaseView.swift; sourceTree = "<group>"; };
		52BE34D82678993F0038A7FC /* BaseViewController.swift */ = {isa = PBXFileReference; lastKnownFileType = sourcecode.swift; path = BaseViewController.swift; sourceTree = "<group>"; };
		52BE34DF26789EDA0038A7FC /* UIView+Extensions.swift */ = {isa = PBXFileReference; lastKnownFileType = sourcecode.swift; path = "UIView+Extensions.swift"; sourceTree = "<group>"; };
		52BE34E326789F2D0038A7FC /* UIViewController+Extensions.swift */ = {isa = PBXFileReference; lastKnownFileType = sourcecode.swift; path = "UIViewController+Extensions.swift"; sourceTree = "<group>"; };
		52BE34E726789F620038A7FC /* UIDevice+Extensions.swift */ = {isa = PBXFileReference; lastKnownFileType = sourcecode.swift; path = "UIDevice+Extensions.swift"; sourceTree = "<group>"; };
		52BE34EB2678B0290038A7FC /* BaseTableViewCell.swift */ = {isa = PBXFileReference; lastKnownFileType = sourcecode.swift; path = BaseTableViewCell.swift; sourceTree = "<group>"; };
		52BE34EF2678CCFF0038A7FC /* BaseObject.swift */ = {isa = PBXFileReference; lastKnownFileType = sourcecode.swift; path = BaseObject.swift; sourceTree = "<group>"; };
		D24A360920FBD446008AC1AC /* Cities.app */ = {isa = PBXFileReference; explicitFileType = wrapper.application; includeInIndex = 0; path = Cities.app; sourceTree = BUILT_PRODUCTS_DIR; };
		D24A360C20FBD446008AC1AC /* AppDelegate.swift */ = {isa = PBXFileReference; lastKnownFileType = sourcecode.swift; path = AppDelegate.swift; sourceTree = "<group>"; };
		D24A361320FBD458008AC1AC /* Assets.xcassets */ = {isa = PBXFileReference; lastKnownFileType = folder.assetcatalog; path = Assets.xcassets; sourceTree = "<group>"; };
		D24A361620FBD458008AC1AC /* Base */ = {isa = PBXFileReference; lastKnownFileType = file.storyboard; name = Base; path = Base.lproj/LaunchScreen.storyboard; sourceTree = "<group>"; };
		D24A361820FBD458008AC1AC /* Info.plist */ = {isa = PBXFileReference; lastKnownFileType = text.plist.xml; path = Info.plist; sourceTree = "<group>"; };
		D24A361D20FBD459008AC1AC /* CitiesTests.xctest */ = {isa = PBXFileReference; explicitFileType = wrapper.cfbundle; includeInIndex = 0; path = CitiesTests.xctest; sourceTree = BUILT_PRODUCTS_DIR; };
		D24A362120FBD459008AC1AC /* CitiesTests.swift */ = {isa = PBXFileReference; lastKnownFileType = sourcecode.swift; path = CitiesTests.swift; sourceTree = "<group>"; };
		D24A362320FBD459008AC1AC /* Info.plist */ = {isa = PBXFileReference; lastKnownFileType = text.plist.xml; path = Info.plist; sourceTree = "<group>"; };
		D24A363420FBF583008AC1AC /* CityListView.swift */ = {isa = PBXFileReference; lastKnownFileType = sourcecode.swift; path = CityListView.swift; sourceTree = "<group>"; };
		D24A363620FBF59A008AC1AC /* CityListViewController.swift */ = {isa = PBXFileReference; lastKnownFileType = sourcecode.swift; path = CityListViewController.swift; sourceTree = "<group>"; };
		D24A363820FBF806008AC1AC /* CityTableViewCell.swift */ = {isa = PBXFileReference; lastKnownFileType = sourcecode.swift; path = CityTableViewCell.swift; sourceTree = "<group>"; };
		D24A363A20FBFABD008AC1AC /* CityObject.swift */ = {isa = PBXFileReference; lastKnownFileType = sourcecode.swift; path = CityObject.swift; sourceTree = "<group>"; };
		D24A363D20FC0354008AC1AC /* CityListViewModel.swift */ = {isa = PBXFileReference; lastKnownFileType = sourcecode.swift; path = CityListViewModel.swift; sourceTree = "<group>"; };
		D24A364020FC0FFD008AC1AC /* cities.json */ = {isa = PBXFileReference; fileEncoding = 4; lastKnownFileType = text.json; path = cities.json; sourceTree = "<group>"; };
		D24A364220FC1274008AC1AC /* CityListViewModelTests.swift */ = {isa = PBXFileReference; lastKnownFileType = sourcecode.swift; path = CityListViewModelTests.swift; sourceTree = "<group>"; };
		D24A364420FC171B008AC1AC /* CityActivityIndicatorView.swift */ = {isa = PBXFileReference; lastKnownFileType = sourcecode.swift; path = CityActivityIndicatorView.swift; sourceTree = "<group>"; };
		D24A364820FD1F70008AC1AC /* CityMapView.swift */ = {isa = PBXFileReference; lastKnownFileType = sourcecode.swift; path = CityMapView.swift; sourceTree = "<group>"; };
		D24A364A20FD2136008AC1AC /* CityMapViewController.swift */ = {isa = PBXFileReference; lastKnownFileType = sourcecode.swift; path = CityMapViewController.swift; sourceTree = "<group>"; };
/* End PBXFileReference section */

/* Begin PBXFrameworksBuildPhase section */
		D24A360620FBD446008AC1AC /* Frameworks */ = {
			isa = PBXFrameworksBuildPhase;
			buildActionMask = 2147483647;
			files = (
			);
			runOnlyForDeploymentPostprocessing = 0;
		};
		D24A361A20FBD459008AC1AC /* Frameworks */ = {
			isa = PBXFrameworksBuildPhase;
			buildActionMask = 2147483647;
			files = (
			);
			runOnlyForDeploymentPostprocessing = 0;
		};
/* End PBXFrameworksBuildPhase section */

/* Begin PBXGroup section */
		52BE34D32678990E0038A7FC /* BaseClass */ = {
			isa = PBXGroup;
			children = (
				52BE34D4267899330038A7FC /* BaseView.swift */,
				52BE34D82678993F0038A7FC /* BaseViewController.swift */,
				52BE34EB2678B0290038A7FC /* BaseTableViewCell.swift */,
				52BE34EF2678CCFF0038A7FC /* BaseObject.swift */,
			);
			path = BaseClass;
			sourceTree = "<group>";
		};
		52BE34DE26789EA70038A7FC /* Extensions */ = {
			isa = PBXGroup;
			children = (
				52BE34DF26789EDA0038A7FC /* UIView+Extensions.swift */,
				52BE34E326789F2D0038A7FC /* UIViewController+Extensions.swift */,
				52BE34E726789F620038A7FC /* UIDevice+Extensions.swift */,
			);
			path = Extensions;
			sourceTree = "<group>";
		};
		D24A360020FBD446008AC1AC = {
			isa = PBXGroup;
			children = (
				D24A360B20FBD446008AC1AC /* Cities */,
				D24A362020FBD459008AC1AC /* CitiesTests */,
				D24A360A20FBD446008AC1AC /* Products */,
			);
			sourceTree = "<group>";
		};
		D24A360A20FBD446008AC1AC /* Products */ = {
			isa = PBXGroup;
			children = (
				D24A360920FBD446008AC1AC /* Cities.app */,
				D24A361D20FBD459008AC1AC /* CitiesTests.xctest */,
			);
			name = Products;
			sourceTree = "<group>";
		};
		D24A360B20FBD446008AC1AC /* Cities */ = {
			isa = PBXGroup;
			children = (
				D24A363F20FC0FEE008AC1AC /* Resources */,
				D24A363C20FC0336008AC1AC /* ViewModels */,
				D24A363120FBF54F008AC1AC /* Views */,
				D24A362C20FBD513008AC1AC /* Models */,
				D24A360C20FBD446008AC1AC /* AppDelegate.swift */,
				D24A361320FBD458008AC1AC /* Assets.xcassets */,
				D24A361520FBD458008AC1AC /* LaunchScreen.storyboard */,
				D24A361820FBD458008AC1AC /* Info.plist */,
			);
			path = Cities;
			sourceTree = "<group>";
		};
		D24A362020FBD459008AC1AC /* CitiesTests */ = {
			isa = PBXGroup;
			children = (
				D24A362120FBD459008AC1AC /* CitiesTests.swift */,
				D24A362320FBD459008AC1AC /* Info.plist */,
				D24A364220FC1274008AC1AC /* CityListViewModelTests.swift */,
			);
			path = CitiesTests;
			sourceTree = "<group>";
		};
		D24A362C20FBD513008AC1AC /* Models */ = {
			isa = PBXGroup;
			children = (
				D24A363A20FBFABD008AC1AC /* CityObject.swift */,
			);
			path = Models;
			sourceTree = "<group>";
		};
		D24A363120FBF54F008AC1AC /* Views */ = {
			isa = PBXGroup;
			children = (
				52BE34DE26789EA70038A7FC /* Extensions */,
				52BE34D32678990E0038A7FC /* BaseClass */,
				D24A363320FBF560008AC1AC /* ViewControllers */,
				D24A363220FBF557008AC1AC /* Views */,
			);
			path = Views;
			sourceTree = "<group>";
		};
		D24A363220FBF557008AC1AC /* Views */ = {
			isa = PBXGroup;
			children = (
				D24A364420FC171B008AC1AC /* CityActivityIndicatorView.swift */,
				D24A363420FBF583008AC1AC /* CityListView.swift */,
				D24A364820FD1F70008AC1AC /* CityMapView.swift */,
				D24A363820FBF806008AC1AC /* CityTableViewCell.swift */,
			);
			path = Views;
			sourceTree = "<group>";
		};
		D24A363320FBF560008AC1AC /* ViewControllers */ = {
			isa = PBXGroup;
			children = (
				D24A363620FBF59A008AC1AC /* CityListViewController.swift */,
				D24A364A20FD2136008AC1AC /* CityMapViewController.swift */,
			);
			path = ViewControllers;
			sourceTree = "<group>";
		};
		D24A363C20FC0336008AC1AC /* ViewModels */ = {
			isa = PBXGroup;
			children = (
				D24A363D20FC0354008AC1AC /* CityListViewModel.swift */,
			);
			path = ViewModels;
			sourceTree = "<group>";
		};
		D24A363F20FC0FEE008AC1AC /* Resources */ = {
			isa = PBXGroup;
			children = (
				D24A364020FC0FFD008AC1AC /* cities.json */,
			);
			path = Resources;
			sourceTree = "<group>";
		};
/* End PBXGroup section */

/* Begin PBXNativeTarget section */
		D24A360820FBD446008AC1AC /* Cities */ = {
			isa = PBXNativeTarget;
			buildConfigurationList = D24A362620FBD459008AC1AC /* Build configuration list for PBXNativeTarget "Cities" */;
			buildPhases = (
				D24A360520FBD446008AC1AC /* Sources */,
				D24A360620FBD446008AC1AC /* Frameworks */,
				D24A360720FBD446008AC1AC /* Resources */,
			);
			buildRules = (
			);
			dependencies = (
			);
			name = Cities;
			productName = Cities;
			productReference = D24A360920FBD446008AC1AC /* Cities.app */;
			productType = "com.apple.product-type.application";
		};
		D24A361C20FBD459008AC1AC /* CitiesTests */ = {
			isa = PBXNativeTarget;
			buildConfigurationList = D24A362920FBD459008AC1AC /* Build configuration list for PBXNativeTarget "CitiesTests" */;
			buildPhases = (
				D24A361920FBD459008AC1AC /* Sources */,
				D24A361A20FBD459008AC1AC /* Frameworks */,
				D24A361B20FBD459008AC1AC /* Resources */,
			);
			buildRules = (
			);
			dependencies = (
				D24A361F20FBD459008AC1AC /* PBXTargetDependency */,
			);
			name = CitiesTests;
			productName = CitiesTests;
			productReference = D24A361D20FBD459008AC1AC /* CitiesTests.xctest */;
			productType = "com.apple.product-type.bundle.unit-test";
		};
/* End PBXNativeTarget section */

/* Begin PBXProject section */
		D24A360120FBD446008AC1AC /* Project object */ = {
			isa = PBXProject;
			attributes = {
				LastSwiftUpdateCheck = 0940;
				LastUpgradeCheck = 0940;
				ORGANIZATIONNAME = "Ronald Kimutai";
				TargetAttributes = {
					D24A360820FBD446008AC1AC = {
						CreatedOnToolsVersion = 9.4.1;
					};
					D24A361C20FBD459008AC1AC = {
						CreatedOnToolsVersion = 9.4.1;
						TestTargetID = D24A360820FBD446008AC1AC;
					};
				};
			};
			buildConfigurationList = D24A360420FBD446008AC1AC /* Build configuration list for PBXProject "Cities" */;
			compatibilityVersion = "Xcode 9.3";
			developmentRegion = en;
			hasScannedForEncodings = 0;
			knownRegions = (
				en,
				Base,
			);
			mainGroup = D24A360020FBD446008AC1AC;
			productRefGroup = D24A360A20FBD446008AC1AC /* Products */;
			projectDirPath = "";
			projectRoot = "";
			targets = (
				D24A360820FBD446008AC1AC /* Cities */,
				D24A361C20FBD459008AC1AC /* CitiesTests */,
			);
		};
/* End PBXProject section */

/* Begin PBXResourcesBuildPhase section */
		D24A360720FBD446008AC1AC /* Resources */ = {
			isa = PBXResourcesBuildPhase;
			buildActionMask = 2147483647;
			files = (
				D24A364120FC0FFD008AC1AC /* cities.json in Resources */,
				D24A361720FBD458008AC1AC /* LaunchScreen.storyboard in Resources */,
				D24A361420FBD458008AC1AC /* Assets.xcassets in Resources */,
			);
			runOnlyForDeploymentPostprocessing = 0;
		};
		D24A361B20FBD459008AC1AC /* Resources */ = {
			isa = PBXResourcesBuildPhase;
			buildActionMask = 2147483647;
			files = (
			);
			runOnlyForDeploymentPostprocessing = 0;
		};
/* End PBXResourcesBuildPhase section */

/* Begin PBXSourcesBuildPhase section */
		D24A360520FBD446008AC1AC /* Sources */ = {
			isa = PBXSourcesBuildPhase;
			buildActionMask = 2147483647;
			files = (
				D24A360D20FBD446008AC1AC /* AppDelegate.swift in Sources */,
				D24A363520FBF583008AC1AC /* CityListView.swift in Sources */,
				52BE34E426789F2D0038A7FC /* UIViewController+Extensions.swift in Sources */,
				52BE34D92678993F0038A7FC /* BaseViewController.swift in Sources */,
				D24A363B20FBFABD008AC1AC /* CityObject.swift in Sources */,
				D24A364B20FD2136008AC1AC /* CityMapViewController.swift in Sources */,
				D24A363E20FC0354008AC1AC /* CityListViewModel.swift in Sources */,
				52BE34E026789EDA0038A7FC /* UIView+Extensions.swift in Sources */,
				D24A363920FBF806008AC1AC /* CityTableViewCell.swift in Sources */,
				D24A363720FBF59A008AC1AC /* CityListViewController.swift in Sources */,
				52BE34D5267899330038A7FC /* BaseView.swift in Sources */,
				D24A364920FD1F70008AC1AC /* CityMapView.swift in Sources */,
				D24A364520FC171B008AC1AC /* CityActivityIndicatorView.swift in Sources */,
				52BE34F02678CCFF0038A7FC /* BaseObject.swift in Sources */,
				52BE34EC2678B0290038A7FC /* BaseTableViewCell.swift in Sources */,
				52BE34E826789F620038A7FC /* UIDevice+Extensions.swift in Sources */,
			);
			runOnlyForDeploymentPostprocessing = 0;
		};
		D24A361920FBD459008AC1AC /* Sources */ = {
			isa = PBXSourcesBuildPhase;
			buildActionMask = 2147483647;
			files = (
				D24A364620FCC4ED008AC1AC /* CityListViewModel.swift in Sources */,
				D24A362220FBD459008AC1AC /* CitiesTests.swift in Sources */,
				D24A364320FC1274008AC1AC /* CityListViewModelTests.swift in Sources */,
				D24A364720FCC4F3008AC1AC /* CityObject.swift in Sources */,
			);
			runOnlyForDeploymentPostprocessing = 0;
		};
/* End PBXSourcesBuildPhase section */

/* Begin PBXTargetDependency section */
		D24A361F20FBD459008AC1AC /* PBXTargetDependency */ = {
			isa = PBXTargetDependency;
			target = D24A360820FBD446008AC1AC /* Cities */;
			targetProxy = D24A361E20FBD459008AC1AC /* PBXContainerItemProxy */;
		};
/* End PBXTargetDependency section */

/* Begin PBXVariantGroup section */
		D24A361520FBD458008AC1AC /* LaunchScreen.storyboard */ = {
			isa = PBXVariantGroup;
			children = (
				D24A361620FBD458008AC1AC /* Base */,
			);
			name = LaunchScreen.storyboard;
			sourceTree = "<group>";
		};
/* End PBXVariantGroup section */

/* Begin XCBuildConfiguration section */
		D24A362420FBD459008AC1AC /* Debug */ = {
			isa = XCBuildConfiguration;
			buildSettings = {
				ALWAYS_SEARCH_USER_PATHS = NO;
				CLANG_ANALYZER_NONNULL = YES;
				CLANG_ANALYZER_NUMBER_OBJECT_CONVERSION = YES_AGGRESSIVE;
				CLANG_CXX_LANGUAGE_STANDARD = "gnu++14";
				CLANG_CXX_LIBRARY = "libc++";
				CLANG_ENABLE_MODULES = YES;
				CLANG_ENABLE_OBJC_ARC = YES;
				CLANG_ENABLE_OBJC_WEAK = YES;
				CLANG_WARN_BLOCK_CAPTURE_AUTORELEASING = YES;
				CLANG_WARN_BOOL_CONVERSION = YES;
				CLANG_WARN_COMMA = YES;
				CLANG_WARN_CONSTANT_CONVERSION = YES;
				CLANG_WARN_DEPRECATED_OBJC_IMPLEMENTATIONS = YES;
				CLANG_WARN_DIRECT_OBJC_ISA_USAGE = YES_ERROR;
				CLANG_WARN_DOCUMENTATION_COMMENTS = YES;
				CLANG_WARN_EMPTY_BODY = YES;
				CLANG_WARN_ENUM_CONVERSION = YES;
				CLANG_WARN_INFINITE_RECURSION = YES;
				CLANG_WARN_INT_CONVERSION = YES;
				CLANG_WARN_NON_LITERAL_NULL_CONVERSION = YES;
				CLANG_WARN_OBJC_IMPLICIT_RETAIN_SELF = YES;
				CLANG_WARN_OBJC_LITERAL_CONVERSION = YES;
				CLANG_WARN_OBJC_ROOT_CLASS = YES_ERROR;
				CLANG_WARN_RANGE_LOOP_ANALYSIS = YES;
				CLANG_WARN_STRICT_PROTOTYPES = YES;
				CLANG_WARN_SUSPICIOUS_MOVE = YES;
				CLANG_WARN_UNGUARDED_AVAILABILITY = YES_AGGRESSIVE;
				CLANG_WARN_UNREACHABLE_CODE = YES;
				CLANG_WARN__DUPLICATE_METHOD_MATCH = YES;
				CODE_SIGN_IDENTITY = "iPhone Developer";
				COPY_PHASE_STRIP = NO;
				DEBUG_INFORMATION_FORMAT = dwarf;
				ENABLE_STRICT_OBJC_MSGSEND = YES;
				ENABLE_TESTABILITY = YES;
				GCC_C_LANGUAGE_STANDARD = gnu11;
				GCC_DYNAMIC_NO_PIC = NO;
				GCC_NO_COMMON_BLOCKS = YES;
				GCC_OPTIMIZATION_LEVEL = 0;
				GCC_PREPROCESSOR_DEFINITIONS = (
					"DEBUG=1",
					"$(inherited)",
				);
				GCC_WARN_64_TO_32_BIT_CONVERSION = YES;
				GCC_WARN_ABOUT_RETURN_TYPE = YES_ERROR;
				GCC_WARN_UNDECLARED_SELECTOR = YES;
				GCC_WARN_UNINITIALIZED_AUTOS = YES_AGGRESSIVE;
				GCC_WARN_UNUSED_FUNCTION = YES;
				GCC_WARN_UNUSED_VARIABLE = YES;
				IPHONEOS_DEPLOYMENT_TARGET = 11.4;
				MTL_ENABLE_DEBUG_INFO = YES;
				ONLY_ACTIVE_ARCH = YES;
				SDKROOT = iphoneos;
				SWIFT_ACTIVE_COMPILATION_CONDITIONS = DEBUG;
				SWIFT_OPTIMIZATION_LEVEL = "-Onone";
			};
			name = Debug;
		};
		D24A362520FBD459008AC1AC /* Release */ = {
			isa = XCBuildConfiguration;
			buildSettings = {
				ALWAYS_SEARCH_USER_PATHS = NO;
				CLANG_ANALYZER_NONNULL = YES;
				CLANG_ANALYZER_NUMBER_OBJECT_CONVERSION = YES_AGGRESSIVE;
				CLANG_CXX_LANGUAGE_STANDARD = "gnu++14";
				CLANG_CXX_LIBRARY = "libc++";
				CLANG_ENABLE_MODULES = YES;
				CLANG_ENABLE_OBJC_ARC = YES;
				CLANG_ENABLE_OBJC_WEAK = YES;
				CLANG_WARN_BLOCK_CAPTURE_AUTORELEASING = YES;
				CLANG_WARN_BOOL_CONVERSION = YES;
				CLANG_WARN_COMMA = YES;
				CLANG_WARN_CONSTANT_CONVERSION = YES;
				CLANG_WARN_DEPRECATED_OBJC_IMPLEMENTATIONS = YES;
				CLANG_WARN_DIRECT_OBJC_ISA_USAGE = YES_ERROR;
				CLANG_WARN_DOCUMENTATION_COMMENTS = YES;
				CLANG_WARN_EMPTY_BODY = YES;
				CLANG_WARN_ENUM_CONVERSION = YES;
				CLANG_WARN_INFINITE_RECURSION = YES;
				CLANG_WARN_INT_CONVERSION = YES;
				CLANG_WARN_NON_LITERAL_NULL_CONVERSION = YES;
				CLANG_WARN_OBJC_IMPLICIT_RETAIN_SELF = YES;
				CLANG_WARN_OBJC_LITERAL_CONVERSION = YES;
				CLANG_WARN_OBJC_ROOT_CLASS = YES_ERROR;
				CLANG_WARN_RANGE_LOOP_ANALYSIS = YES;
				CLANG_WARN_STRICT_PROTOTYPES = YES;
				CLANG_WARN_SUSPICIOUS_MOVE = YES;
				CLANG_WARN_UNGUARDED_AVAILABILITY = YES_AGGRESSIVE;
				CLANG_WARN_UNREACHABLE_CODE = YES;
				CLANG_WARN__DUPLICATE_METHOD_MATCH = YES;
				CODE_SIGN_IDENTITY = "iPhone Developer";
				COPY_PHASE_STRIP = NO;
				DEBUG_INFORMATION_FORMAT = "dwarf-with-dsym";
				ENABLE_NS_ASSERTIONS = NO;
				ENABLE_STRICT_OBJC_MSGSEND = YES;
				GCC_C_LANGUAGE_STANDARD = gnu11;
				GCC_NO_COMMON_BLOCKS = YES;
				GCC_WARN_64_TO_32_BIT_CONVERSION = YES;
				GCC_WARN_ABOUT_RETURN_TYPE = YES_ERROR;
				GCC_WARN_UNDECLARED_SELECTOR = YES;
				GCC_WARN_UNINITIALIZED_AUTOS = YES_AGGRESSIVE;
				GCC_WARN_UNUSED_FUNCTION = YES;
				GCC_WARN_UNUSED_VARIABLE = YES;
				IPHONEOS_DEPLOYMENT_TARGET = 11.4;
				MTL_ENABLE_DEBUG_INFO = NO;
				SDKROOT = iphoneos;
				SWIFT_COMPILATION_MODE = wholemodule;
				SWIFT_OPTIMIZATION_LEVEL = "-O";
				VALIDATE_PRODUCT = YES;
			};
			name = Release;
		};
		D24A362720FBD459008AC1AC /* Debug */ = {
			isa = XCBuildConfiguration;
			buildSettings = {
				ASSETCATALOG_COMPILER_APPICON_NAME = AppIcon;
				CODE_SIGN_IDENTITY = "iPhone Developer";
				CODE_SIGN_STYLE = Automatic;
				DEVELOPMENT_TEAM = USYKGM4A2R;
				INFOPLIST_FILE = Cities/Info.plist;
				LD_RUNPATH_SEARCH_PATHS = (
					"$(inherited)",
					"@executable_path/Frameworks",
				);
				PRODUCT_BUNDLE_IDENTIFIER = com.ronald.Cities;
				PRODUCT_NAME = "$(TARGET_NAME)";
				PROVISIONING_PROFILE_SPECIFIER = "";
				SWIFT_VERSION = 4.0;
				TARGETED_DEVICE_FAMILY = "1,2";
			};
			name = Debug;
		};
		D24A362820FBD459008AC1AC /* Release */ = {
			isa = XCBuildConfiguration;
			buildSettings = {
				ASSETCATALOG_COMPILER_APPICON_NAME = AppIcon;
				CODE_SIGN_IDENTITY = "iPhone Developer";
				CODE_SIGN_STYLE = Automatic;
				DEVELOPMENT_TEAM = USYKGM4A2R;
				INFOPLIST_FILE = Cities/Info.plist;
				LD_RUNPATH_SEARCH_PATHS = (
					"$(inherited)",
					"@executable_path/Frameworks",
				);
				PRODUCT_BUNDLE_IDENTIFIER = com.ronald.Cities;
				PRODUCT_NAME = "$(TARGET_NAME)";
				PROVISIONING_PROFILE_SPECIFIER = "";
				SWIFT_VERSION = 4.0;
				TARGETED_DEVICE_FAMILY = "1,2";
			};
			name = Release;
		};
		D24A362A20FBD459008AC1AC /* Debug */ = {
			isa = XCBuildConfiguration;
			buildSettings = {
				ALWAYS_EMBED_SWIFT_STANDARD_LIBRARIES = YES;
				BUNDLE_LOADER = "$(TEST_HOST)";
				CODE_SIGN_STYLE = Automatic;
				DEVELOPMENT_TEAM = USYKGM4A2R;
				INFOPLIST_FILE = CitiesTests/Info.plist;
				LD_RUNPATH_SEARCH_PATHS = (
					"$(inherited)",
					"@executable_path/Frameworks",
					"@loader_path/Frameworks",
				);
				PRODUCT_BUNDLE_IDENTIFIER = com.test.CitiesTests;
				PRODUCT_NAME = "$(TARGET_NAME)";
				SWIFT_VERSION = 4.0;
				TARGETED_DEVICE_FAMILY = "1,2";
				TEST_HOST = "$(BUILT_PRODUCTS_DIR)/Cities.app/Cities";
			};
			name = Debug;
		};
		D24A362B20FBD459008AC1AC /* Release */ = {
			isa = XCBuildConfiguration;
			buildSettings = {
				ALWAYS_EMBED_SWIFT_STANDARD_LIBRARIES = YES;
				BUNDLE_LOADER = "$(TEST_HOST)";
				CODE_SIGN_STYLE = Automatic;
				DEVELOPMENT_TEAM = USYKGM4A2R;
				INFOPLIST_FILE = CitiesTests/Info.plist;
				LD_RUNPATH_SEARCH_PATHS = (
					"$(inherited)",
					"@executable_path/Frameworks",
					"@loader_path/Frameworks",
				);
				PRODUCT_BUNDLE_IDENTIFIER = com.test.CitiesTests;
				PRODUCT_NAME = "$(TARGET_NAME)";
				SWIFT_VERSION = 4.0;
				TARGETED_DEVICE_FAMILY = "1,2";
				TEST_HOST = "$(BUILT_PRODUCTS_DIR)/Cities.app/Cities";
			};
			name = Release;
		};
/* End XCBuildConfiguration section */

/* Begin XCConfigurationList section */
		D24A360420FBD446008AC1AC /* Build configuration list for PBXProject "Cities" */ = {
			isa = XCConfigurationList;
			buildConfigurations = (
				D24A362420FBD459008AC1AC /* Debug */,
				D24A362520FBD459008AC1AC /* Release */,
			);
			defaultConfigurationIsVisible = 0;
			defaultConfigurationName = Release;
		};
		D24A362620FBD459008AC1AC /* Build configuration list for PBXNativeTarget "Cities" */ = {
			isa = XCConfigurationList;
			buildConfigurations = (
				D24A362720FBD459008AC1AC /* Debug */,
				D24A362820FBD459008AC1AC /* Release */,
			);
			defaultConfigurationIsVisible = 0;
			defaultConfigurationName = Release;
		};
		D24A362920FBD459008AC1AC /* Build configuration list for PBXNativeTarget "CitiesTests" */ = {
			isa = XCConfigurationList;
			buildConfigurations = (
				D24A362A20FBD459008AC1AC /* Debug */,
				D24A362B20FBD459008AC1AC /* Release */,
			);
			defaultConfigurationIsVisible = 0;
			defaultConfigurationName = Release;
		};
/* End XCConfigurationList section */
	};
	rootObject = D24A360120FBD446008AC1AC /* Project object */;
}
